
Microsoft Visual Studio Solution File, Format Version 12.00
# Visual Studio Version 17
VisualStudioVersion = 17.5.33414.496
MinimumVisualStudioVersion = 10.0.40219.1
Project("{FAE04EC0-301F-11D3-BF4B-00C04F79EFBC}") = "Tenant.SiteMetadata", "Tenant.SiteMetadata\Tenant.SiteMetadata.csproj", "{57EAA746-AEAB-4FF0-AF42-112D354DD03A}"
EndProject
Global
	GlobalSection(SolutionConfigurationPlatforms) = preSolution
		Debug|Any CPU = Debug|Any CPU
		Release|Any CPU = Release|Any CPU
	EndGlobalSection
	GlobalSection(ProjectConfigurationPlatforms) = postSolution
		{57EAA746-AEAB-4FF0-AF42-112D354DD03A}.Debug|Any CPU.ActiveCfg = Debug|Any CPU
		{57EAA746-AEAB-4FF0-AF42-112D354DD03A}.Debug|Any CPU.Build.0 = Debug|Any CPU
		{57EAA746-AEAB-4FF0-AF42-112D354DD03A}.Release|Any CPU.ActiveCfg = Release|Any CPU
		{57EAA746-AEAB-4FF0-AF42-112D354DD03A}.Release|Any CPU.Build.0 = Release|Any CPU
	EndGlobalSection
	GlobalSection(SolutionProperties) = preSolution
		HideSolutionNode = FALSE
	EndGlobalSection
	GlobalSection(ExtensibilityGlobals) = postSolution
		SolutionGuid = {7C946449-EF32-4A20-B3E3-ED1444A1A51D}
	EndGlobalSection
EndGlobal
